
Microsoft Visual Studio Solution File, Format Version 12.00
# Visual Studio Version 17
VisualStudioVersion = 17.9.34407.89
MinimumVisualStudioVersion = 10.0.40219.1
Project("{FAE04EC0-301F-11D3-BF4B-00C04F79EFBC}") = "ApiCall", "ApiCall\ApiCall.csproj", "{C0532A65-583A-4567-8AF0-3E7793FF789B}"
EndProject
Global
	GlobalSection(SolutionConfigurationPlatforms) = preSolution
		Debug|Any CPU = Debug|Any CPU
		Release|Any CPU = Release|Any CPU
	EndGlobalSection
	GlobalSection(ProjectConfigurationPlatforms) = postSolution
		{C0532A65-583A-4567-8AF0-3E7793FF789B}.Debug|Any CPU.ActiveCfg = Debug|Any CPU
		{C0532A65-583A-4567-8AF0-3E7793FF789B}.Debug|Any CPU.Build.0 = Debug|Any CPU
		{C0532A65-583A-4567-8AF0-3E7793FF789B}.Release|Any CPU.ActiveCfg = Release|Any CPU
		{C0532A65-583A-4567-8AF0-3E7793FF789B}.Release|Any CPU.Build.0 = Release|Any CPU
	EndGlobalSection
	GlobalSection(SolutionProperties) = preSolution
		HideSolutionNode = FALSE
	EndGlobalSection
	GlobalSection(ExtensibilityGlobals) = postSolution
		SolutionGuid = {E3F21989-2B05-4246-AFB3-A845BF595225}
	EndGlobalSection
EndGlobal
